
Microsoft Visual Studio Solution File, Format Version 12.00
# Visual Studio 15
VisualStudioVersion = 15.0.28010.2046
MinimumVisualStudioVersion = 10.0.40219.1
Project("{FAE04EC0-301F-11D3-BF4B-00C04F79EFBC}") = "OrderFood", "OrderFood\OrderFood.csproj", "{B8BE0245-D670-4227-922C-75814CFB599D}"
EndProject
Global
	GlobalSection(SolutionConfigurationPlatforms) = preSolution
		Debug|Any CPU = Debug|Any CPU
		Release|Any CPU = Release|Any CPU
	EndGlobalSection
	GlobalSection(ProjectConfigurationPlatforms) = postSolution
		{B8BE0245-D670-4227-922C-75814CFB599D}.Debug|Any CPU.ActiveCfg = Debug|Any CPU
		{B8BE0245-D670-4227-922C-75814CFB599D}.Debug|Any CPU.Build.0 = Debug|Any CPU
		{B8BE0245-D670-4227-922C-75814CFB599D}.Release|Any CPU.ActiveCfg = Release|Any CPU
		{B8BE0245-D670-4227-922C-75814CFB599D}.Release|Any CPU.Build.0 = Release|Any CPU
	EndGlobalSection
	GlobalSection(SolutionProperties) = preSolution
		HideSolutionNode = FALSE
	EndGlobalSection
	GlobalSection(ExtensibilityGlobals) = postSolution
		SolutionGuid = {B9855147-BF48-4A54-94C1-5563D0DABD7C}
	EndGlobalSection
EndGlobal
